
Microsoft Visual Studio Solution File, Format Version 12.00
# Visual Studio Version 17
VisualStudioVersion = 17.4.33122.133
MinimumVisualStudioVersion = 10.0.40219.1
Project("{9A19103F-16F7-4668-BE54-9A1E7A4F7556}") = "ProductsAppRPSpetnagel", "ProductsAppRPSpetnagel.csproj", "{8C76C2F1-84D3-4231-9040-182F64C6E312}"
EndProject
Global
	GlobalSection(SolutionConfigurationPlatforms) = preSolution
		Debug|Any CPU = Debug|Any CPU
		Release|Any CPU = Release|Any CPU
	EndGlobalSection
	GlobalSection(ProjectConfigurationPlatforms) = postSolution
		{8C76C2F1-84D3-4231-9040-182F64C6E312}.Debug|Any CPU.ActiveCfg = Debug|Any CPU
		{8C76C2F1-84D3-4231-9040-182F64C6E312}.Debug|Any CPU.Build.0 = Debug|Any CPU
		{8C76C2F1-84D3-4231-9040-182F64C6E312}.Release|Any CPU.ActiveCfg = Release|Any CPU
		{8C76C2F1-84D3-4231-9040-182F64C6E312}.Release|Any CPU.Build.0 = Release|Any CPU
	EndGlobalSection
	GlobalSection(SolutionProperties) = preSolution
		HideSolutionNode = FALSE
	EndGlobalSection
	GlobalSection(ExtensibilityGlobals) = postSolution
		SolutionGuid = {7F7A58E1-5A69-43A6-812C-6F7B23569694}
	EndGlobalSection
EndGlobal
